
Microsoft Visual Studio Solution File, Format Version 12.00
# Visual Studio Version 17
VisualStudioVersion = 17.0.31903.59
MinimumVisualStudioVersion = 10.0.40219.1
Project("{2150E333-8FDC-42A3-9474-1A3956D46DE8}") = "src", "src", "{827E0CD3-B72D-47B6-A68D-7590B98EB39B}"
EndProject
Project("{FAE04EC0-301F-11D3-BF4B-00C04F79EFBC}") = "DarbotMcp.ClientApp", "src\DarbotMcp.ClientApp\DarbotMcp.ClientApp.csproj", "{73BA06E9-C67C-4B48-99D6-B8A60476EB63}"
EndProject
Project("{FAE04EC0-301F-11D3-BF4B-00C04F79EFBC}") = "DarbotMcp.ServiceDefaults", "src\DarbotMcp.ServiceDefaults\DarbotMcp.ServiceDefaults.csproj", "{525011A6-DFC1-4FF0-BF5D-7506A7B86D8F}"
EndProject
Project("{FAE04EC0-301F-11D3-BF4B-00C04F79EFBC}") = "DarbotGraphMcp.Server", "src\DarbotGraphMcp.Server\DarbotGraphMcp.Server.csproj", "{3BD45CD6-57B8-40EE-A6FD-2CFF23BC35A3}"
EndProject
Project("{2150E333-8FDC-42A3-9474-1A3956D46DE8}") = "tests", "tests", "{1FE5D6F9-F2D1-4654-B524-021A68C2156C}"
EndProject
Project("{FAE04EC0-301F-11D3-BF4B-00C04F79EFBC}") = "DarbotGraphMcp.Tests", "tests\DarbotGraphMcp.Tests\DarbotGraphMcp.Tests.csproj", "{E38B4994-16FE-4383-8BFF-EC4CBCB63074}"
EndProject
Global
	GlobalSection(SolutionConfigurationPlatforms) = preSolution
		Debug|Any CPU = Debug|Any CPU
		Debug|x64 = Debug|x64
		Debug|x86 = Debug|x86
		Release|Any CPU = Release|Any CPU
		Release|x64 = Release|x64
		Release|x86 = Release|x86
	EndGlobalSection
	GlobalSection(ProjectConfigurationPlatforms) = postSolution
		{73BA06E9-C67C-4B48-99D6-B8A60476EB63}.Debug|Any CPU.ActiveCfg = Debug|Any CPU
		{73BA06E9-C67C-4B48-99D6-B8A60476EB63}.Debug|Any CPU.Build.0 = Debug|Any CPU
		{73BA06E9-C67C-4B48-99D6-B8A60476EB63}.Debug|x64.ActiveCfg = Debug|Any CPU
		{73BA06E9-C67C-4B48-99D6-B8A60476EB63}.Debug|x64.Build.0 = Debug|Any CPU
		{73BA06E9-C67C-4B48-99D6-B8A60476EB63}.Debug|x86.ActiveCfg = Debug|Any CPU
		{73BA06E9-C67C-4B48-99D6-B8A60476EB63}.Debug|x86.Build.0 = Debug|Any CPU
		{73BA06E9-C67C-4B48-99D6-B8A60476EB63}.Release|Any CPU.ActiveCfg = Release|Any CPU
		{73BA06E9-C67C-4B48-99D6-B8A60476EB63}.Release|Any CPU.Build.0 = Release|Any CPU
		{73BA06E9-C67C-4B48-99D6-B8A60476EB63}.Release|x64.ActiveCfg = Release|Any CPU
		{73BA06E9-C67C-4B48-99D6-B8A60476EB63}.Release|x64.Build.0 = Release|Any CPU
		{73BA06E9-C67C-4B48-99D6-B8A60476EB63}.Release|x86.ActiveCfg = Release|Any CPU
		{73BA06E9-C67C-4B48-99D6-B8A60476EB63}.Release|x86.Build.0 = Release|Any CPU
		{525011A6-DFC1-4FF0-BF5D-7506A7B86D8F}.Debug|Any CPU.ActiveCfg = Debug|Any CPU
		{525011A6-DFC1-4FF0-BF5D-7506A7B86D8F}.Debug|Any CPU.Build.0 = Debug|Any CPU
		{525011A6-DFC1-4FF0-BF5D-7506A7B86D8F}.Debug|x64.ActiveCfg = Debug|Any CPU
		{525011A6-DFC1-4FF0-BF5D-7506A7B86D8F}.Debug|x64.Build.0 = Debug|Any CPU
		{525011A6-DFC1-4FF0-BF5D-7506A7B86D8F}.Debug|x86.ActiveCfg = Debug|Any CPU
		{525011A6-DFC1-4FF0-BF5D-7506A7B86D8F}.Debug|x86.Build.0 = Debug|Any CPU
		{525011A6-DFC1-4FF0-BF5D-7506A7B86D8F}.Release|Any CPU.ActiveCfg = Release|Any CPU
		{525011A6-DFC1-4FF0-BF5D-7506A7B86D8F}.Release|Any CPU.Build.0 = Release|Any CPU
		{525011A6-DFC1-4FF0-BF5D-7506A7B86D8F}.Release|x64.ActiveCfg = Release|Any CPU
		{525011A6-DFC1-4FF0-BF5D-7506A7B86D8F}.Release|x64.Build.0 = Release|Any CPU
		{525011A6-DFC1-4FF0-BF5D-7506A7B86D8F}.Release|x86.ActiveCfg = Release|Any CPU
		{525011A6-DFC1-4FF0-BF5D-7506A7B86D8F}.Release|x86.Build.0 = Release|Any CPU
		{3BD45CD6-57B8-40EE-A6FD-2CFF23BC35A3}.Debug|Any CPU.ActiveCfg = Debug|Any CPU
		{3BD45CD6-57B8-40EE-A6FD-2CFF23BC35A3}.Debug|Any CPU.Build.0 = Debug|Any CPU
		{3BD45CD6-57B8-40EE-A6FD-2CFF23BC35A3}.Debug|x64.ActiveCfg = Debug|Any CPU
		{3BD45CD6-57B8-40EE-A6FD-2CFF23BC35A3}.Debug|x64.Build.0 = Debug|Any CPU
		{3BD45CD6-57B8-40EE-A6FD-2CFF23BC35A3}.Debug|x86.ActiveCfg = Debug|Any CPU
		{3BD45CD6-57B8-40EE-A6FD-2CFF23BC35A3}.Debug|x86.Build.0 = Debug|Any CPU
		{3BD45CD6-57B8-40EE-A6FD-2CFF23BC35A3}.Release|Any CPU.ActiveCfg = Release|Any CPU
		{3BD45CD6-57B8-40EE-A6FD-2CFF23BC35A3}.Release|Any CPU.Build.0 = Release|Any CPU
		{3BD45CD6-57B8-40EE-A6FD-2CFF23BC35A3}.Release|x64.ActiveCfg = Release|Any CPU
		{3BD45CD6-57B8-40EE-A6FD-2CFF23BC35A3}.Release|x64.Build.0 = Release|Any CPU
		{3BD45CD6-57B8-40EE-A6FD-2CFF23BC35A3}.Release|x86.ActiveCfg = Release|Any CPU
		{3BD45CD6-57B8-40EE-A6FD-2CFF23BC35A3}.Release|x86.Build.0 = Release|Any CPU
		{E38B4994-16FE-4383-8BFF-EC4CBCB63074}.Debug|Any CPU.ActiveCfg = Debug|Any CPU
		{E38B4994-16FE-4383-8BFF-EC4CBCB63074}.Debug|Any CPU.Build.0 = Debug|Any CPU
		{E38B4994-16FE-4383-8BFF-EC4CBCB63074}.Debug|x64.ActiveCfg = Debug|Any CPU
		{E38B4994-16FE-4383-8BFF-EC4CBCB63074}.Debug|x64.Build.0 = Debug|Any CPU
		{E38B4994-16FE-4383-8BFF-EC4CBCB63074}.Debug|x86.ActiveCfg = Debug|Any CPU
		{E38B4994-16FE-4383-8BFF-EC4CBCB63074}.Debug|x86.Build.0 = Debug|Any CPU
		{E38B4994-16FE-4383-8BFF-EC4CBCB63074}.Release|Any CPU.ActiveCfg = Release|Any CPU
		{E38B4994-16FE-4383-8BFF-EC4CBCB63074}.Release|Any CPU.Build.0 = Release|Any CPU
		{E38B4994-16FE-4383-8BFF-EC4CBCB63074}.Release|x64.ActiveCfg = Release|Any CPU
		{E38B4994-16FE-4383-8BFF-EC4CBCB63074}.Release|x64.Build.0 = Release|Any CPU
		{E38B4994-16FE-4383-8BFF-EC4CBCB63074}.Release|x86.ActiveCfg = Release|Any CPU
		{E38B4994-16FE-4383-8BFF-EC4CBCB63074}.Release|x86.Build.0 = Release|Any CPU
	EndGlobalSection
	GlobalSection(SolutionProperties) = preSolution
		HideSolutionNode = FALSE
	EndGlobalSection
	GlobalSection(NestedProjects) = preSolution
		{73BA06E9-C67C-4B48-99D6-B8A60476EB63} = {827E0CD3-B72D-47B6-A68D-7590B98EB39B}
		{525011A6-DFC1-4FF0-BF5D-7506A7B86D8F} = {827E0CD3-B72D-47B6-A68D-7590B98EB39B}
		{3BD45CD6-57B8-40EE-A6FD-2CFF23BC35A3} = {827E0CD3-B72D-47B6-A68D-7590B98EB39B}
		{E38B4994-16FE-4383-8BFF-EC4CBCB63074} = {1FE5D6F9-F2D1-4654-B524-021A68C2156C}
	EndGlobalSection
EndGlobal
